hash: 89b3030431913a06752382f7ed22fe54a8adcc1d73a9a82c92cd8fd6cdd18021
updated: 2017-07-24T19:10:03.837618563+02:00
imports:
- name: golang.org/x/crypto
  version: 6914964337150723782436d56b3f21610a74ce7b
  subpackages:
  - curve25519
  - ed25519
  - ed25519/internal/edwards25519
  - ssh
- name: gopkg.in/libgit2/git2go.v26
  version: e424134bb6a425a508cf037ed62218c6b21600ce
  repo: https://github.com/mikolajb/git2go.git
testImports: []
